
Microsoft Visual Studio Solution File, Format Version 12.00
# Visual Studio Version 17
VisualStudioVersion = 17.10.34928.147
MinimumVisualStudioVersion = 10.0.40219.1
Project("{FAE04EC0-301F-11D3-BF4B-00C04F79EFBC}") = "practica 3 p2", "practica 3 p2.csproj", "{5FA2CEE2-D884-4E68-B4AE-7C2B237BDAD0}"
EndProject
Global
	GlobalSection(SolutionConfigurationPlatforms) = preSolution
		Debug|Any CPU = Debug|Any CPU
		Release|Any CPU = Release|Any CPU
	EndGlobalSection
	GlobalSection(ProjectConfigurationPlatforms) = postSolution
		{5FA2CEE2-D884-4E68-B4AE-7C2B237BDAD0}.Debug|Any CPU.ActiveCfg = Debug|Any CPU
		{5FA2CEE2-D884-4E68-B4AE-7C2B237BDAD0}.Debug|Any CPU.Build.0 = Debug|Any CPU
		{5FA2CEE2-D884-4E68-B4AE-7C2B237BDAD0}.Release|Any CPU.ActiveCfg = Release|Any CPU
		{5FA2CEE2-D884-4E68-B4AE-7C2B237BDAD0}.Release|Any CPU.Build.0 = Release|Any CPU
	EndGlobalSection
	GlobalSection(SolutionProperties) = preSolution
		HideSolutionNode = FALSE
	EndGlobalSection
	GlobalSection(ExtensibilityGlobals) = postSolution
		SolutionGuid = {6C736C2F-335E-40C7-B249-DE7FB350D1D1}
	EndGlobalSection
EndGlobal
